<?xml version="1.0" encoding="utf-8"?>
<Project ToolsVersion="4.0" xmlns="http://schemas.microsoft.com/developer/msbuild/2003">
  <ItemGroup>
    <Filter Include="Services">
      <UniqueIdentifier>{ea75761c-682e-450c-b0bb-210fe6bc8101}</UniqueIdentifier>
    </Filter>
    <Filter Include="Libraries">
      <UniqueIdentifier>{369784de-fcdf-4dad-b863-f72d02e711e3}</UniqueIdentifier>
    </Filter>
    <Filter Include="Utilities">
      <UniqueIdentifier>{4FC737F1-C7A5-4376-A066-2A32D752A2FF}</UniqueIdentifier>
      <Extensions>cpp;c;cc;cxx;def;odl;idl;hpj;bat;asm;asmx</Extensions>
    </Filter>
  </ItemGroup>
  <ItemGroup>
    <ClCompile Include="io.cpp">
      <Filter>Utilities</Filter>
    </ClCompile>
    <ClCompile Include="tools.cpp">
      <Filter>Utilities</Filter>
    </ClCompile>
    <ClCompile Include="keyboard.cpp">
      <Filter>Services</Filter>
    </ClCompile>
    <ClCompile Include="websocket.cpp">
      <Filter>Services</Filter>
    </ClCompile>
    <ClCompile Include="clipboard.cpp">
      <Filter>Services</Filter>
    </ClCompile>
    <ClCompile Include="mouse.cpp">
      <Filter>Services</Filter>
    </ClCompile>
    <ClCompile Include="binarywriter.cpp">
      <Filter>Libraries</Filter>
    </ClCompile>
    <ClCompile Include="lrcdatawriter.cpp">
      <Filter>Libraries</Filter>
    </ClCompile>
    <ClCompile Include="wsclient.cpp">
      <Filter>Libraries</Filter>
    </ClCompile>
    <ClCompile Include="LRC.cpp" />
    <ClCompile Include="kbdworker.cpp">
      <Filter>Services</Filter>
    </ClCompile>
    <ClCompile Include="lrcdatahandler.cpp">
      <Filter>Services</Filter>
    </ClCompile>
    <ClCompile Include="hwinfo.cpp">
      <Filter>Utilities</Filter>
    </ClCompile>
  </ItemGroup>
  <ItemGroup>
    <ClInclude Include="keyboard.hpp">
      <Filter>Services</Filter>
    </ClInclude>
    <ClInclude Include="websocket.hpp">
      <Filter>Services</Filter>
    </ClInclude>
    <ClInclude Include="clipboard.hpp">
      <Filter>Services</Filter>
    </ClInclude>
    <ClInclude Include="mouse.hpp">
      <Filter>Services</Filter>
    </ClInclude>
    <ClInclude Include="io.hpp">
      <Filter>Utilities</Filter>
    </ClInclude>
    <ClInclude Include="services.hpp">
      <Filter>Utilities</Filter>
    </ClInclude>
    <ClInclude Include="tools.hpp">
      <Filter>Utilities</Filter>
    </ClInclude>
    <ClInclude Include="winfx.hpp">
      <Filter>Utilities</Filter>
    </ClInclude>
    <ClInclude Include="binarywriter.hpp">
      <Filter>Libraries</Filter>
    </ClInclude>
    <ClInclude Include="lrcdatatypes.hpp">
      <Filter>Libraries</Filter>
    </ClInclude>
    <ClInclude Include="lrcdatawriter.hpp">
      <Filter>Libraries</Filter>
    </ClInclude>
    <ClInclude Include="wsclient.hpp">
      <Filter>Libraries</Filter>
    </ClInclude>
    <ClInclude Include="settings.hpp">
      <Filter>Utilities</Filter>
    </ClInclude>
    <ClInclude Include="kbdworker.hpp">
      <Filter>Services</Filter>
    </ClInclude>
    <ClInclude Include="lrcdatahandler.hpp">
      <Filter>Services</Filter>
    </ClInclude>
    <ClInclude Include="hwinfo.hpp">
      <Filter>Utilities</Filter>
    </ClInclude>
  </ItemGroup>
</Project>